
Microsoft Visual Studio Solution File, Format Version 12.00
# Visual Studio Version 18
VisualStudioVersion = 18.0.11217.181 d18.0
MinimumVisualStudioVersion = 10.0.40219.1
Project("{FAE04EC0-301F-11D3-BF4B-00C04F79EFBC}") = "Image_Checker", "Image_Checker\Image_Checker.csproj", "{1C00EB92-A725-4424-9D62-A8D3406650F5}"
EndProject
Project("{FAE04EC0-301F-11D3-BF4B-00C04F79EFBC}") = "Image_Checker.WinForm", "Image_Checker.WinForm\Image_Checker.WinForm.csproj", "{AB80BE79-26FC-45D4-B865-708CEFE8CA9E}"
EndProject
Global
	GlobalSection(SolutionConfigurationPlatforms) = preSolution
		Debug|Any CPU = Debug|Any CPU
		Release|Any CPU = Release|Any CPU
	EndGlobalSection
	GlobalSection(ProjectConfigurationPlatforms) = postSolution
		{1C00EB92-A725-4424-9D62-A8D3406650F5}.Debug|Any CPU.ActiveCfg = Debug|Any CPU
		{1C00EB92-A725-4424-9D62-A8D3406650F5}.Debug|Any CPU.Build.0 = Debug|Any CPU
		{1C00EB92-A725-4424-9D62-A8D3406650F5}.Release|Any CPU.ActiveCfg = Release|Any CPU
		{1C00EB92-A725-4424-9D62-A8D3406650F5}.Release|Any CPU.Build.0 = Release|Any CPU
		{AB80BE79-26FC-45D4-B865-708CEFE8CA9E}.Debug|Any CPU.ActiveCfg = Debug|Any CPU
		{AB80BE79-26FC-45D4-B865-708CEFE8CA9E}.Debug|Any CPU.Build.0 = Debug|Any CPU
		{AB80BE79-26FC-45D4-B865-708CEFE8CA9E}.Release|Any CPU.ActiveCfg = Release|Any CPU
		{AB80BE79-26FC-45D4-B865-708CEFE8CA9E}.Release|Any CPU.Build.0 = Release|Any CPU
	EndGlobalSection
	GlobalSection(SolutionProperties) = preSolution
		HideSolutionNode = FALSE
	EndGlobalSection
	GlobalSection(ExtensibilityGlobals) = postSolution
		SolutionGuid = {13AFDB02-1E09-4059-8F0D-73A7752A9E1E}
	EndGlobalSection
EndGlobal
